
Microsoft Visual Studio Solution File, Format Version 12.00
# Visual Studio 15
VisualStudioVersion = 15.0.28307.779
MinimumVisualStudioVersion = 10.0.40219.1
Project("{9092AA53-FB77-4645-B42D-1CCCA6BD08BD}") = "breeze-export", "breeze-export\breeze-export.njsproj", "{2D8CA66B-0C79-4FBF-B258-5024D2610DD6}"
EndProject
Global
	GlobalSection(SolutionConfigurationPlatforms) = preSolution
		Debug|Any CPU = Debug|Any CPU
		Release|Any CPU = Release|Any CPU
	EndGlobalSection
	GlobalSection(ProjectConfigurationPlatforms) = postSolution
		{2D8CA66B-0C79-4FBF-B258-5024D2610DD6}.Debug|Any CPU.ActiveCfg = Debug|Any CPU
		{2D8CA66B-0C79-4FBF-B258-5024D2610DD6}.Debug|Any CPU.Build.0 = Debug|Any CPU
		{2D8CA66B-0C79-4FBF-B258-5024D2610DD6}.Release|Any CPU.ActiveCfg = Release|Any CPU
		{2D8CA66B-0C79-4FBF-B258-5024D2610DD6}.Release|Any CPU.Build.0 = Release|Any CPU
	EndGlobalSection
	GlobalSection(SolutionProperties) = preSolution
		HideSolutionNode = FALSE
	EndGlobalSection
	GlobalSection(ExtensibilityGlobals) = postSolution
		SolutionGuid = {C6E00982-B837-43D0-9974-F015EF7447D6}
	EndGlobalSection
EndGlobal
